
Microsoft Visual Studio Solution File, Format Version 12.00
# Visual Studio Version 17
VisualStudioVersion = 17.0.31903.59
MinimumVisualStudioVersion = 10.0.40219.1
Project("{9A19103F-16F7-4668-BE54-9A1E7A4F7556}") = "NearX", "NearX\NearX.csproj", "{ACEA8E7E-38F4-4E91-BF6F-CE411EFC4440}"
EndProject
Project("{9A19103F-16F7-4668-BE54-9A1E7A4F7556}") = "Blazor.Leaflet.OpenStreetMap", "LeafletBlazor\Darnton.Blazor.Leaflet\Blazor.Leaflet.OpenStreetMap.csproj", "{E99782F4-DB52-45FC-ADB8-B8D14D7BDA75}"
EndProject
Project("{9A19103F-16F7-4668-BE54-9A1E7A4F7556}") = "NearXShared", "NearXShared\NearXShared.csproj", "{B3E746A6-C039-4CFB-A492-40C09265CA51}"
EndProject
Project("{9A19103F-16F7-4668-BE54-9A1E7A4F7556}") = "NearXServer", "NearXServer\NearXServer.csproj", "{91A4C2FB-6860-4D88-B4E5-3C5AE75B9828}"
EndProject
Project("{2150E333-8FDC-42A3-9474-1A3956D46DE8}") = "Solution Items", "Solution Items", "{288C1634-370D-4AA7-BF19-B7C92C837B57}"
	ProjectSection(SolutionItems) = preProject
		readme.txt = readme.txt
	EndProjectSection
EndProject
Global
	GlobalSection(SolutionConfigurationPlatforms) = preSolution
		Debug|Any CPU = Debug|Any CPU
		Release|Any CPU = Release|Any CPU
	EndGlobalSection
	GlobalSection(ProjectConfigurationPlatforms) = postSolution
		{ACEA8E7E-38F4-4E91-BF6F-CE411EFC4440}.Debug|Any CPU.ActiveCfg = Debug|Any CPU
		{ACEA8E7E-38F4-4E91-BF6F-CE411EFC4440}.Debug|Any CPU.Build.0 = Debug|Any CPU
		{ACEA8E7E-38F4-4E91-BF6F-CE411EFC4440}.Release|Any CPU.ActiveCfg = Release|Any CPU
		{ACEA8E7E-38F4-4E91-BF6F-CE411EFC4440}.Release|Any CPU.Build.0 = Release|Any CPU
		{E99782F4-DB52-45FC-ADB8-B8D14D7BDA75}.Debug|Any CPU.ActiveCfg = Debug|Any CPU
		{E99782F4-DB52-45FC-ADB8-B8D14D7BDA75}.Debug|Any CPU.Build.0 = Debug|Any CPU
		{E99782F4-DB52-45FC-ADB8-B8D14D7BDA75}.Release|Any CPU.ActiveCfg = Release|Any CPU
		{E99782F4-DB52-45FC-ADB8-B8D14D7BDA75}.Release|Any CPU.Build.0 = Release|Any CPU
		{B3E746A6-C039-4CFB-A492-40C09265CA51}.Debug|Any CPU.ActiveCfg = Debug|Any CPU
		{B3E746A6-C039-4CFB-A492-40C09265CA51}.Debug|Any CPU.Build.0 = Debug|Any CPU
		{B3E746A6-C039-4CFB-A492-40C09265CA51}.Release|Any CPU.ActiveCfg = Release|Any CPU
		{B3E746A6-C039-4CFB-A492-40C09265CA51}.Release|Any CPU.Build.0 = Release|Any CPU
		{91A4C2FB-6860-4D88-B4E5-3C5AE75B9828}.Debug|Any CPU.ActiveCfg = Debug|Any CPU
		{91A4C2FB-6860-4D88-B4E5-3C5AE75B9828}.Debug|Any CPU.Build.0 = Debug|Any CPU
		{91A4C2FB-6860-4D88-B4E5-3C5AE75B9828}.Release|Any CPU.ActiveCfg = Release|Any CPU
		{91A4C2FB-6860-4D88-B4E5-3C5AE75B9828}.Release|Any CPU.Build.0 = Release|Any CPU
	EndGlobalSection
	GlobalSection(SolutionProperties) = preSolution
		HideSolutionNode = FALSE
	EndGlobalSection
	GlobalSection(ExtensibilityGlobals) = postSolution
		SolutionGuid = {E8F309EA-4C7F-4222-8FD7-83838BA73A41}
	EndGlobalSection
EndGlobal
