
Microsoft Visual Studio Solution File, Format Version 12.00
# Visual Studio Version 17
VisualStudioVersion = 17.0.31903.59
MinimumVisualStudioVersion = 10.0.40219.1
Project("{9A19103F-16F7-4668-BE54-9A1E7A4F7556}") = "NearX", "NearX\NearX.csproj", "{ACEA8E7E-38F4-4E91-BF6F-CE411EFC4440}"
EndProject
Project("{9A19103F-16F7-4668-BE54-9A1E7A4F7556}") = "Blazor.Leaflet.OpenStreetMap", "..\LeafletBlazor\Darnton.Blazor.Leaflet\Blazor.Leaflet.OpenStreetMap.csproj", "{F1EFAADA-D5E9-4A90-9222-718A4059B8EE}"
EndProject
Global
	GlobalSection(SolutionConfigurationPlatforms) = preSolution
		Debug|Any CPU = Debug|Any CPU
		Release|Any CPU = Release|Any CPU
	EndGlobalSection
	GlobalSection(ProjectConfigurationPlatforms) = postSolution
		{ACEA8E7E-38F4-4E91-BF6F-CE411EFC4440}.Debug|Any CPU.ActiveCfg = Debug|Any CPU
		{ACEA8E7E-38F4-4E91-BF6F-CE411EFC4440}.Debug|Any CPU.Build.0 = Debug|Any CPU
		{ACEA8E7E-38F4-4E91-BF6F-CE411EFC4440}.Release|Any CPU.ActiveCfg = Release|Any CPU
		{ACEA8E7E-38F4-4E91-BF6F-CE411EFC4440}.Release|Any CPU.Build.0 = Release|Any CPU
		{F1EFAADA-D5E9-4A90-9222-718A4059B8EE}.Debug|Any CPU.ActiveCfg = Debug|Any CPU
		{F1EFAADA-D5E9-4A90-9222-718A4059B8EE}.Debug|Any CPU.Build.0 = Debug|Any CPU
		{F1EFAADA-D5E9-4A90-9222-718A4059B8EE}.Release|Any CPU.ActiveCfg = Release|Any CPU
		{F1EFAADA-D5E9-4A90-9222-718A4059B8EE}.Release|Any CPU.Build.0 = Release|Any CPU
	EndGlobalSection
	GlobalSection(SolutionProperties) = preSolution
		HideSolutionNode = FALSE
	EndGlobalSection
	GlobalSection(ExtensibilityGlobals) = postSolution
		SolutionGuid = {E8F309EA-4C7F-4222-8FD7-83838BA73A41}
	EndGlobalSection
EndGlobal
